
Microsoft Visual Studio Solution File, Format Version 12.00
# Visual Studio 15
VisualStudioVersion = 15.0.28307.136
MinimumVisualStudioVersion = 10.0.40219.1
Project("{8BC9CEB8-8B4A-11D0-8D11-00A0C91BC942}") = "RectangleFault", "RectangleFault\RectangleFault.vcxproj", "{6FE0FF6E-252D-4469-9C40-284CD5DBCFD9}"
EndProject
Project("{8BC9CEB8-8B4A-11D0-8D11-00A0C91BC942}") = "RectangleFaultFind", "RectangleFaultFind\RectangleFaultFind.vcxproj", "{278D75FE-D590-4741-A905-B31A37AE06A4}"
EndProject
Project("{8BC9CEB8-8B4A-11D0-8D11-00A0C91BC942}") = "Q04-1", "Q04-1\Q04-1.vcxproj", "{574F5D9D-2B9E-46DC-BE59-D11464DD6E4D}"
EndProject
Global
	GlobalSection(SolutionConfigurationPlatforms) = preSolution
		Debug|x64 = Debug|x64
		Debug|x86 = Debug|x86
		Release|x64 = Release|x64
		Release|x86 = Release|x86
	EndGlobalSection
	GlobalSection(ProjectConfigurationPlatforms) = postSolution
		{6FE0FF6E-252D-4469-9C40-284CD5DBCFD9}.Debug|x64.ActiveCfg = Debug|x64
		{6FE0FF6E-252D-4469-9C40-284CD5DBCFD9}.Debug|x64.Build.0 = Debug|x64
		{6FE0FF6E-252D-4469-9C40-284CD5DBCFD9}.Debug|x86.ActiveCfg = Debug|Win32
		{6FE0FF6E-252D-4469-9C40-284CD5DBCFD9}.Debug|x86.Build.0 = Debug|Win32
		{6FE0FF6E-252D-4469-9C40-284CD5DBCFD9}.Release|x64.ActiveCfg = Release|x64
		{6FE0FF6E-252D-4469-9C40-284CD5DBCFD9}.Release|x64.Build.0 = Release|x64
		{6FE0FF6E-252D-4469-9C40-284CD5DBCFD9}.Release|x86.ActiveCfg = Release|Win32
		{6FE0FF6E-252D-4469-9C40-284CD5DBCFD9}.Release|x86.Build.0 = Release|Win32
		{278D75FE-D590-4741-A905-B31A37AE06A4}.Debug|x64.ActiveCfg = Debug|x64
		{278D75FE-D590-4741-A905-B31A37AE06A4}.Debug|x64.Build.0 = Debug|x64
		{278D75FE-D590-4741-A905-B31A37AE06A4}.Debug|x86.ActiveCfg = Debug|Win32
		{278D75FE-D590-4741-A905-B31A37AE06A4}.Debug|x86.Build.0 = Debug|Win32
		{278D75FE-D590-4741-A905-B31A37AE06A4}.Release|x64.ActiveCfg = Release|x64
		{278D75FE-D590-4741-A905-B31A37AE06A4}.Release|x64.Build.0 = Release|x64
		{278D75FE-D590-4741-A905-B31A37AE06A4}.Release|x86.ActiveCfg = Release|Win32
		{278D75FE-D590-4741-A905-B31A37AE06A4}.Release|x86.Build.0 = Release|Win32
		{574F5D9D-2B9E-46DC-BE59-D11464DD6E4D}.Debug|x64.ActiveCfg = Debug|x64
		{574F5D9D-2B9E-46DC-BE59-D11464DD6E4D}.Debug|x64.Build.0 = Debug|x64
		{574F5D9D-2B9E-46DC-BE59-D11464DD6E4D}.Debug|x86.ActiveCfg = Debug|Win32
		{574F5D9D-2B9E-46DC-BE59-D11464DD6E4D}.Debug|x86.Build.0 = Debug|Win32
		{574F5D9D-2B9E-46DC-BE59-D11464DD6E4D}.Release|x64.ActiveCfg = Release|x64
		{574F5D9D-2B9E-46DC-BE59-D11464DD6E4D}.Release|x64.Build.0 = Release|x64
		{574F5D9D-2B9E-46DC-BE59-D11464DD6E4D}.Release|x86.ActiveCfg = Release|Win32
		{574F5D9D-2B9E-46DC-BE59-D11464DD6E4D}.Release|x86.Build.0 = Release|Win32
	EndGlobalSection
	GlobalSection(SolutionProperties) = preSolution
		HideSolutionNode = FALSE
	EndGlobalSection
	GlobalSection(ExtensibilityGlobals) = postSolution
		SolutionGuid = {8213C18E-80D5-4776-9669-BC075C70F54B}
	EndGlobalSection
EndGlobal
