<?xml version="1.0" encoding="utf-8"?>
<Project ToolsVersion="4.0" xmlns="http://schemas.microsoft.com/developer/msbuild/2003">
  <ItemGroup>
    <Filter Include="소스 파일">
      <UniqueIdentifier>{4FC737F1-C7A5-4376-A066-2A32D752A2FF}</UniqueIdentifier>
      <Extensions>cpp;c;cc;cxx;def;odl;idl;hpj;bat;asm;asmx</Extensions>
    </Filter>
    <Filter Include="헤더 파일">
      <UniqueIdentifier>{93995380-89BD-4b04-88EB-625FBE52EBFB}</UniqueIdentifier>
      <Extensions>h;hh;hpp;hxx;hm;inl;inc;ipp;xsd</Extensions>
    </Filter>
    <Filter Include="리소스 파일">
      <UniqueIdentifier>{67DA6AB6-F800-4c08-8B7A-83BB121AAD01}</UniqueIdentifier>
      <Extensions>rc;ico;cur;bmp;dlg;rc2;rct;bin;rgs;gif;jpg;jpeg;jpe;resx;tiff;tif;png;wav;mfcribbon-ms</Extensions>
    </Filter>
    <Filter Include="소스 파일\2단원%28포인터%29">
      <UniqueIdentifier>{8f18f1b7-fc33-495d-90cc-67208b2561af}</UniqueIdentifier>
    </Filter>
    <Filter Include="소스 파일\3단원%28객체%29">
      <UniqueIdentifier>{911cf866-b426-4705-8b17-4322e9e9a94e}</UniqueIdentifier>
    </Filter>
    <Filter Include="소스 파일\3단원%28객체%29\3-2-1문제">
      <UniqueIdentifier>{cccbcb2a-b588-4f6d-860f-51735cbe19af}</UniqueIdentifier>
    </Filter>
    <Filter Include="소스 파일\4단원%28클래스의 완성%29">
      <UniqueIdentifier>{7ce9c21b-1b09-4e12-816e-bc0d0ea24e29}</UniqueIdentifier>
    </Filter>
  </ItemGroup>
  <ItemGroup>
    <ClCompile Include="..\..\SangJun%27s_work\SangJun%27s_work\Banking_Sys.cpp">
      <Filter>소스 파일\2단원%28포인터%29</Filter>
    </ClCompile>
    <ClCompile Include="..\..\SangJun%27s_work\SangJun%27s_work\bool.cpp">
      <Filter>소스 파일\2단원%28포인터%29</Filter>
    </ClCompile>
    <ClCompile Include="..\..\SangJun%27s_work\SangJun%27s_work\BS(using pointer).cpp">
      <Filter>소스 파일\2단원%28포인터%29</Filter>
    </ClCompile>
    <ClCompile Include="..\..\SangJun%27s_work\SangJun%27s_work\call_by_ref2.cpp">
      <Filter>소스 파일\2단원%28포인터%29</Filter>
    </ClCompile>
    <ClCompile Include="..\..\SangJun%27s_work\SangJun%27s_work\call_by_reference.cpp">
      <Filter>소스 파일\2단원%28포인터%29</Filter>
    </ClCompile>
    <ClCompile Include="..\..\SangJun%27s_work\SangJun%27s_work\Memmalfree.cpp">
      <Filter>소스 파일\2단원%28포인터%29</Filter>
    </ClCompile>
    <ClCompile Include="..\..\SangJun%27s_work\SangJun%27s_work\NewDelete.cpp">
      <Filter>소스 파일\2단원%28포인터%29</Filter>
    </ClCompile>
    <ClCompile Include="..\..\SangJun%27s_work\SangJun%27s_work\Q2-1-1.cpp">
      <Filter>소스 파일\2단원%28포인터%29</Filter>
    </ClCompile>
    <ClCompile Include="..\..\SangJun%27s_work\SangJun%27s_work\Q2-1-3.cpp">
      <Filter>소스 파일\2단원%28포인터%29</Filter>
    </ClCompile>
    <ClCompile Include="..\..\SangJun%27s_work\SangJun%27s_work\RefArrElem.cpp">
      <Filter>소스 파일\2단원%28포인터%29</Filter>
    </ClCompile>
    <ClCompile Include="..\..\SangJun%27s_work\SangJun%27s_work\reference.cpp">
      <Filter>소스 파일\2단원%28포인터%29</Filter>
    </ClCompile>
    <ClCompile Include="..\..\SangJun%27s_work\SangJun%27s_work\refreturnOne.cpp">
      <Filter>소스 파일\2단원%28포인터%29</Filter>
    </ClCompile>
    <ClCompile Include="..\..\SangJun%27s_work\SangJun%27s_work\refreturnTwo.cpp">
      <Filter>소스 파일\2단원%28포인터%29</Filter>
    </ClCompile>
    <ClCompile Include="..\..\SangJun%27s_work\SangJun%27s_work\truefalse.cpp">
      <Filter>소스 파일\2단원%28포인터%29</Filter>
    </ClCompile>
    <ClCompile Include="..\..\SangJun%27s_work\SangJun%27s_work\RacingCar.cpp">
      <Filter>소스 파일\3단원%28객체%29</Filter>
    </ClCompile>
    <ClCompile Include="..\..\SangJun%27s_work\SangJun%27s_work\RacingCarFuncAdd.cpp">
      <Filter>소스 파일\3단원%28객체%29</Filter>
    </ClCompile>
    <ClCompile Include="..\..\SangJun%27s_work\SangJun%27s_work\Q3-1.cpp">
      <Filter>소스 파일\3단원%28객체%29</Filter>
    </ClCompile>
    <ClCompile Include="..\..\SangJun%27s_work\SangJun%27s_work\RacingCarClassBase.cpp">
      <Filter>소스 파일\3단원%28객체%29</Filter>
    </ClCompile>
    <ClCompile Include="..\..\SangJun%27s_work\SangJun%27s_work\Q3-2-1-main.cpp">
      <Filter>소스 파일\3단원%28객체%29\3-2-1문제</Filter>
    </ClCompile>
    <ClCompile Include="..\..\SangJun%27s_work\SangJun%27s_work\Pointer.cpp">
      <Filter>소스 파일\4단원%28클래스의 완성%29</Filter>
    </ClCompile>
    <ClCompile Include="..\..\SangJun%27s_work\SangJun%27s_work\Rectangle.cpp">
      <Filter>소스 파일\4단원%28클래스의 완성%29</Filter>
    </ClCompile>
    <ClCompile Include="..\..\SangJun%27s_work\SangJun%27s_work\Rectanglefaultfinder.cpp">
      <Filter>소스 파일\4단원%28클래스의 완성%29</Filter>
    </ClCompile>
  </ItemGroup>
  <ItemGroup>
    <ClInclude Include="..\..\SangJun%27s_work\SangJun%27s_work\Q3-2-1.h">
      <Filter>소스 파일\3단원%28객체%29\3-2-1문제</Filter>
    </ClInclude>
    <ClInclude Include="..\..\SangJun%27s_work\SangJun%27s_work\Point.h">
      <Filter>소스 파일\4단원%28클래스의 완성%29</Filter>
    </ClInclude>
    <ClInclude Include="..\..\SangJun%27s_work\SangJun%27s_work\Rectangle.h">
      <Filter>소스 파일\4단원%28클래스의 완성%29</Filter>
    </ClInclude>
  </ItemGroup>
</Project>