<?xml version="1.0" encoding="utf-8"?>
<Project ToolsVersion="4.0" xmlns="http://schemas.microsoft.com/developer/msbuild/2003">
  <ItemGroup>
    <Filter Include="소스 파일">
      <UniqueIdentifier>{4FC737F1-C7A5-4376-A066-2A32D752A2FF}</UniqueIdentifier>
      <Extensions>cpp;c;cc;cxx;def;odl;idl;hpj;bat;asm;asmx</Extensions>
    </Filter>
    <Filter Include="헤더 파일">
      <UniqueIdentifier>{93995380-89BD-4b04-88EB-625FBE52EBFB}</UniqueIdentifier>
      <Extensions>h;hh;hpp;hxx;hm;inl;inc;ipp;xsd</Extensions>
    </Filter>
    <Filter Include="리소스 파일">
      <UniqueIdentifier>{67DA6AB6-F800-4c08-8B7A-83BB121AAD01}</UniqueIdentifier>
      <Extensions>rc;ico;cur;bmp;dlg;rc2;rct;bin;rgs;gif;jpg;jpeg;jpe;resx;tiff;tif;png;wav;mfcribbon-ms</Extensions>
    </Filter>
    <Filter Include="소스 파일\2단원%28포인터%29">
      <UniqueIdentifier>{8f18f1b7-fc33-495d-90cc-67208b2561af}</UniqueIdentifier>
    </Filter>
    <Filter Include="소스 파일\3단원%28객체%29">
      <UniqueIdentifier>{911cf866-b426-4705-8b17-4322e9e9a94e}</UniqueIdentifier>
    </Filter>
    <Filter Include="소스 파일\3단원%28객체%29\3-2-1문제">
      <UniqueIdentifier>{cccbcb2a-b588-4f6d-860f-51735cbe19af}</UniqueIdentifier>
    </Filter>
    <Filter Include="소스 파일\4단원%28클래스의 완성%29">
      <UniqueIdentifier>{7ce9c21b-1b09-4e12-816e-bc0d0ea24e29}</UniqueIdentifier>
    </Filter>
    <Filter Include="소스 파일\4단원%28클래스의 완성%29\4-2 캡슐화">
      <UniqueIdentifier>{e6b5a44f-da85-4282-afec-28a9f02c1187}</UniqueIdentifier>
    </Filter>
    <Filter Include="소스 파일\4단원%28클래스의 완성%29\4-1 정보은닉">
      <UniqueIdentifier>{d545f8f6-c6de-46ff-b53b-0303be8bb670}</UniqueIdentifier>
    </Filter>
    <Filter Include="소스 파일\4단원%28클래스의 완성%29\4-3 생성자,소멸자">
      <UniqueIdentifier>{e26f83e6-2b21-426b-a8bc-1f34235f714e}</UniqueIdentifier>
    </Filter>
    <Filter Include="소스 파일\4단원%28클래스의 완성%29\4-4 클래스와 배열, this 포인터">
      <UniqueIdentifier>{91e414f7-2e7e-446e-9e7f-0371e7de94fc}</UniqueIdentifier>
    </Filter>
    <Filter Include="소스 파일\5단원%28복사생성자%29">
      <UniqueIdentifier>{d763f8e5-5228-4340-815e-085d83062775}</UniqueIdentifier>
    </Filter>
    <Filter Include="소스 파일\6단원">
      <UniqueIdentifier>{564f68b9-b120-4b13-8d1a-0ea8e31a88f1}</UniqueIdentifier>
    </Filter>
    <Filter Include="소스 파일\7단원%28상속%29">
      <UniqueIdentifier>{689c1f15-284f-41b3-bbcc-8f2d444d9769}</UniqueIdentifier>
    </Filter>
    <Filter Include="소스 파일\8단원%28객체지향의 전개%29">
      <UniqueIdentifier>{3d543fad-f18d-4022-bab2-23d8f443e796}</UniqueIdentifier>
    </Filter>
    <Filter Include="소스 파일\9단원%28가장의 원리와 다중상속%29">
      <UniqueIdentifier>{85be73d6-44ab-49b1-be6c-c2974635d93f}</UniqueIdentifier>
    </Filter>
  </ItemGroup>
  <ItemGroup>
    <ClCompile Include="..\..\SangJun%27s_work\SangJun%27s_work\Banking_Sys.cpp">
      <Filter>소스 파일\2단원%28포인터%29</Filter>
    </ClCompile>
    <ClCompile Include="..\..\SangJun%27s_work\SangJun%27s_work\bool.cpp">
      <Filter>소스 파일\2단원%28포인터%29</Filter>
    </ClCompile>
    <ClCompile Include="..\..\SangJun%27s_work\SangJun%27s_work\BS(using pointer).cpp">
      <Filter>소스 파일\2단원%28포인터%29</Filter>
    </ClCompile>
    <ClCompile Include="..\..\SangJun%27s_work\SangJun%27s_work\call_by_ref2.cpp">
      <Filter>소스 파일\2단원%28포인터%29</Filter>
    </ClCompile>
    <ClCompile Include="..\..\SangJun%27s_work\SangJun%27s_work\call_by_reference.cpp">
      <Filter>소스 파일\2단원%28포인터%29</Filter>
    </ClCompile>
    <ClCompile Include="..\..\SangJun%27s_work\SangJun%27s_work\Memmalfree.cpp">
      <Filter>소스 파일\2단원%28포인터%29</Filter>
    </ClCompile>
    <ClCompile Include="..\..\SangJun%27s_work\SangJun%27s_work\NewDelete.cpp">
      <Filter>소스 파일\2단원%28포인터%29</Filter>
    </ClCompile>
    <ClCompile Include="..\..\SangJun%27s_work\SangJun%27s_work\Q2-1-1.cpp">
      <Filter>소스 파일\2단원%28포인터%29</Filter>
    </ClCompile>
    <ClCompile Include="..\..\SangJun%27s_work\SangJun%27s_work\Q2-1-3.cpp">
      <Filter>소스 파일\2단원%28포인터%29</Filter>
    </ClCompile>
    <ClCompile Include="..\..\SangJun%27s_work\SangJun%27s_work\RefArrElem.cpp">
      <Filter>소스 파일\2단원%28포인터%29</Filter>
    </ClCompile>
    <ClCompile Include="..\..\SangJun%27s_work\SangJun%27s_work\reference.cpp">
      <Filter>소스 파일\2단원%28포인터%29</Filter>
    </ClCompile>
    <ClCompile Include="..\..\SangJun%27s_work\SangJun%27s_work\refreturnOne.cpp">
      <Filter>소스 파일\2단원%28포인터%29</Filter>
    </ClCompile>
    <ClCompile Include="..\..\SangJun%27s_work\SangJun%27s_work\refreturnTwo.cpp">
      <Filter>소스 파일\2단원%28포인터%29</Filter>
    </ClCompile>
    <ClCompile Include="..\..\SangJun%27s_work\SangJun%27s_work\truefalse.cpp">
      <Filter>소스 파일\2단원%28포인터%29</Filter>
    </ClCompile>
    <ClCompile Include="..\..\SangJun%27s_work\SangJun%27s_work\RacingCar.cpp">
      <Filter>소스 파일\3단원%28객체%29</Filter>
    </ClCompile>
    <ClCompile Include="..\..\SangJun%27s_work\SangJun%27s_work\RacingCarFuncAdd.cpp">
      <Filter>소스 파일\3단원%28객체%29</Filter>
    </ClCompile>
    <ClCompile Include="..\..\SangJun%27s_work\SangJun%27s_work\Q3-1.cpp">
      <Filter>소스 파일\3단원%28객체%29</Filter>
    </ClCompile>
    <ClCompile Include="..\..\SangJun%27s_work\SangJun%27s_work\RacingCarClassBase.cpp">
      <Filter>소스 파일\3단원%28객체%29</Filter>
    </ClCompile>
    <ClCompile Include="..\..\SangJun%27s_work\SangJun%27s_work\Q3-2-1-main.cpp">
      <Filter>소스 파일\3단원%28객체%29\3-2-1문제</Filter>
    </ClCompile>
    <ClCompile Include="..\..\SangJun%27s_work\SangJun%27s_work\Pointer.cpp">
      <Filter>소스 파일\4단원%28클래스의 완성%29\4-1 정보은닉</Filter>
    </ClCompile>
    <ClCompile Include="..\..\SangJun%27s_work\SangJun%27s_work\Rectangle.cpp">
      <Filter>소스 파일\4단원%28클래스의 완성%29\4-1 정보은닉</Filter>
    </ClCompile>
    <ClCompile Include="..\..\SangJun%27s_work\SangJun%27s_work\Rectanglefaultfinder.cpp">
      <Filter>소스 파일\4단원%28클래스의 완성%29\4-1 정보은닉</Filter>
    </ClCompile>
    <ClCompile Include="..\..\SangJun%27s_work\SangJun%27s_work\capsule1.cpp">
      <Filter>소스 파일\4단원%28클래스의 완성%29\4-2 캡슐화</Filter>
    </ClCompile>
    <ClCompile Include="..\..\SangJun%27s_work\SangJun%27s_work\Q4-2.cpp">
      <Filter>소스 파일\4단원%28클래스의 완성%29\4-2 캡슐화</Filter>
    </ClCompile>
    <ClCompile Include="..\..\SangJun%27s_work\SangJun%27s_work\FruitSeller_Buyer.cpp">
      <Filter>소스 파일\4단원%28클래스의 완성%29\4-3 생성자,소멸자</Filter>
    </ClCompile>
    <ClCompile Include="..\..\SangJun%27s_work\SangJun%27s_work\referenceMember.cpp">
      <Filter>소스 파일\4단원%28클래스의 완성%29\4-3 생성자,소멸자</Filter>
    </ClCompile>
    <ClCompile Include="..\..\SangJun%27s_work\SangJun%27s_work\PrivateConstructor.cpp">
      <Filter>소스 파일\4단원%28클래스의 완성%29\4-3 생성자,소멸자</Filter>
    </ClCompile>
    <ClCompile Include="..\..\SangJun%27s_work\SangJun%27s_work\Q4-3.cpp">
      <Filter>소스 파일\4단원%28클래스의 완성%29\4-3 생성자,소멸자</Filter>
    </ClCompile>
    <ClCompile Include="..\..\SangJun%27s_work\SangJun%27s_work\ObjArr1.cpp">
      <Filter>소스 파일\4단원%28클래스의 완성%29\4-4 클래스와 배열, this 포인터</Filter>
    </ClCompile>
    <ClCompile Include="..\..\SangJun%27s_work\SangJun%27s_work\ObkArr(pointer).cpp">
      <Filter>소스 파일\4단원%28클래스의 완성%29\4-4 클래스와 배열, this 포인터</Filter>
    </ClCompile>
    <ClCompile Include="..\..\SangJun%27s_work\SangJun%27s_work\SelfRef.cpp">
      <Filter>소스 파일\4단원%28클래스의 완성%29\4-4 클래스와 배열, this 포인터</Filter>
    </ClCompile>
    <ClCompile Include="..\..\SangJun%27s_work\SangJun%27s_work\ClassInit.cpp">
      <Filter>소스 파일\5단원%28복사생성자%29</Filter>
    </ClCompile>
    <ClCompile Include="..\..\SangJun%27s_work\SangJun%27s_work\ShallowCopyError.cpp">
      <Filter>소스 파일\5단원%28복사생성자%29</Filter>
    </ClCompile>
    <ClCompile Include="..\..\SangJun%27s_work\SangJun%27s_work\publicpublic.cpp">
      <Filter>소스 파일\6단원</Filter>
    </ClCompile>
    <ClCompile Include="..\..\SangJun%27s_work\SangJun%27s_work\Q7-1-1.cpp">
      <Filter>소스 파일\7단원%28상속%29</Filter>
    </ClCompile>
    <ClCompile Include="..\..\SangJun%27s_work\SangJun%27s_work\Q7-1-2.cpp">
      <Filter>소스 파일\7단원%28상속%29</Filter>
    </ClCompile>
    <ClCompile Include="..\..\SangJun%27s_work\SangJun%27s_work\Q7-2-1.cpp">
      <Filter>소스 파일\7단원%28상속%29</Filter>
    </ClCompile>
    <ClCompile Include="..\..\SangJun%27s_work\SangJun%27s_work\Q8-1.cpp">
      <Filter>소스 파일\8단원%28객체지향의 전개%29</Filter>
    </ClCompile>
    <ClCompile Include="..\..\SangJun%27s_work\SangJun%27s_work\MultiInheri3.cpp">
      <Filter>소스 파일\9단원%28가장의 원리와 다중상속%29</Filter>
    </ClCompile>
  </ItemGroup>
  <ItemGroup>
    <ClInclude Include="..\..\SangJun%27s_work\SangJun%27s_work\Q3-2-1.h">
      <Filter>소스 파일\3단원%28객체%29\3-2-1문제</Filter>
    </ClInclude>
    <ClInclude Include="..\..\SangJun%27s_work\SangJun%27s_work\Point.h">
      <Filter>소스 파일\4단원%28클래스의 완성%29\4-1 정보은닉</Filter>
    </ClInclude>
    <ClInclude Include="..\..\SangJun%27s_work\SangJun%27s_work\Rectangle.h">
      <Filter>소스 파일\4단원%28클래스의 완성%29\4-1 정보은닉</Filter>
    </ClInclude>
    <ClInclude Include="..\..\SangJun%27s_work\SangJun%27s_work\capsule1.h">
      <Filter>소스 파일\4단원%28클래스의 완성%29\4-2 캡슐화</Filter>
    </ClInclude>
    <ClInclude Include="..\..\SangJun%27s_work\SangJun%27s_work\FruitSeller_Buyer.h">
      <Filter>소스 파일\4단원%28클래스의 완성%29\4-3 생성자,소멸자</Filter>
    </ClInclude>
    <ClInclude Include="..\..\SangJun%27s_work\SangJun%27s_work\ObjArr.h">
      <Filter>소스 파일\4단원%28클래스의 완성%29\4-4 클래스와 배열, this 포인터</Filter>
    </ClInclude>
  </ItemGroup>
</Project>