
Microsoft Visual Studio Solution File, Format Version 12.00
# Visual Studio 15
VisualStudioVersion = 15.0.28307.136
MinimumVisualStudioVersion = 10.0.40219.1
Project("{8BC9CEB8-8B4A-11D0-8D11-00A0C91BC942}") = "RacingCar2", "RacingCar2\RacingCar2.vcxproj", "{BD30AAD5-967C-4F14-8892-795A7F1717EF}"
EndProject
Project("{8BC9CEB8-8B4A-11D0-8D11-00A0C91BC942}") = "Q03-1", "Q03-1\Q03-1.vcxproj", "{FD4A7899-18F5-46C1-8D4B-A78DC031293D}"
EndProject
Project("{8BC9CEB8-8B4A-11D0-8D11-00A0C91BC942}") = "RacingCar", "RacingCar\RacingCar.vcxproj", "{799F427F-130B-4C57-9E8C-E57E6C6ECB86}"
EndProject
Project("{8BC9CEB8-8B4A-11D0-8D11-00A0C91BC942}") = "RacingCarEnum", "RacingCarEnum\RacingCarEnum.vcxproj", "{EF5EEC17-D349-431A-B212-C5834AE236B2}"
EndProject
Project("{8BC9CEB8-8B4A-11D0-8D11-00A0C91BC942}") = "RacingCarOuterFunc", "RacingCarOuterFunc\RacingCarOuterFunc.vcxproj", "{C5D428F7-6D41-46C4-BC5E-64C8DB611AAE}"
EndProject
Project("{8BC9CEB8-8B4A-11D0-8D11-00A0C91BC942}") = "RacingCarClassBase", "RacingCarClassBase\RacingCarClassBase.vcxproj", "{7DDA8E20-96CD-42D8-AE3A-9B50EDC9AE25}"
EndProject
Project("{8BC9CEB8-8B4A-11D0-8D11-00A0C91BC942}") = "Car", "Car\Car.vcxproj", "{8DC625B5-0296-4362-B321-97CAADF6D847}"
EndProject
Project("{8BC9CEB8-8B4A-11D0-8D11-00A0C91BC942}") = "CarInline", "CarInline\CarInline.vcxproj", "{09FBA25D-1827-42B1-8EE1-9BD4116D9A47}"
EndProject
Project("{8BC9CEB8-8B4A-11D0-8D11-00A0C91BC942}") = "Q03-2-1", "Q03-2-1\Q03-2-1.vcxproj", "{4C3EDF51-07D6-4A2F-B85A-0BB40E4242A6}"
EndProject
Project("{8BC9CEB8-8B4A-11D0-8D11-00A0C91BC942}") = "Q03-2-2", "Q03-2-2\Q03-2-2.vcxproj", "{A0DDC0BC-D2FE-4986-913D-25B1A1EC7B6E}"
EndProject
Project("{8BC9CEB8-8B4A-11D0-8D11-00A0C91BC942}") = "FruitSaleSim1", "FruitSaleSim1\FruitSaleSim1.vcxproj", "{7E490B87-4D7E-465E-A3A4-839E012ED85E}"
EndProject
Global
	GlobalSection(SolutionConfigurationPlatforms) = preSolution
		Debug|x64 = Debug|x64
		Debug|x86 = Debug|x86
		Release|x64 = Release|x64
		Release|x86 = Release|x86
	EndGlobalSection
	GlobalSection(ProjectConfigurationPlatforms) = postSolution
		{BD30AAD5-967C-4F14-8892-795A7F1717EF}.Debug|x64.ActiveCfg = Debug|x64
		{BD30AAD5-967C-4F14-8892-795A7F1717EF}.Debug|x64.Build.0 = Debug|x64
		{BD30AAD5-967C-4F14-8892-795A7F1717EF}.Debug|x86.ActiveCfg = Debug|Win32
		{BD30AAD5-967C-4F14-8892-795A7F1717EF}.Debug|x86.Build.0 = Debug|Win32
		{BD30AAD5-967C-4F14-8892-795A7F1717EF}.Release|x64.ActiveCfg = Release|x64
		{BD30AAD5-967C-4F14-8892-795A7F1717EF}.Release|x64.Build.0 = Release|x64
		{BD30AAD5-967C-4F14-8892-795A7F1717EF}.Release|x86.ActiveCfg = Release|Win32
		{BD30AAD5-967C-4F14-8892-795A7F1717EF}.Release|x86.Build.0 = Release|Win32
		{FD4A7899-18F5-46C1-8D4B-A78DC031293D}.Debug|x64.ActiveCfg = Debug|x64
		{FD4A7899-18F5-46C1-8D4B-A78DC031293D}.Debug|x64.Build.0 = Debug|x64
		{FD4A7899-18F5-46C1-8D4B-A78DC031293D}.Debug|x86.ActiveCfg = Debug|Win32
		{FD4A7899-18F5-46C1-8D4B-A78DC031293D}.Debug|x86.Build.0 = Debug|Win32
		{FD4A7899-18F5-46C1-8D4B-A78DC031293D}.Release|x64.ActiveCfg = Release|x64
		{FD4A7899-18F5-46C1-8D4B-A78DC031293D}.Release|x64.Build.0 = Release|x64
		{FD4A7899-18F5-46C1-8D4B-A78DC031293D}.Release|x86.ActiveCfg = Release|Win32
		{FD4A7899-18F5-46C1-8D4B-A78DC031293D}.Release|x86.Build.0 = Release|Win32
		{799F427F-130B-4C57-9E8C-E57E6C6ECB86}.Debug|x64.ActiveCfg = Debug|x64
		{799F427F-130B-4C57-9E8C-E57E6C6ECB86}.Debug|x64.Build.0 = Debug|x64
		{799F427F-130B-4C57-9E8C-E57E6C6ECB86}.Debug|x86.ActiveCfg = Debug|Win32
		{799F427F-130B-4C57-9E8C-E57E6C6ECB86}.Debug|x86.Build.0 = Debug|Win32
		{799F427F-130B-4C57-9E8C-E57E6C6ECB86}.Release|x64.ActiveCfg = Release|x64
		{799F427F-130B-4C57-9E8C-E57E6C6ECB86}.Release|x64.Build.0 = Release|x64
		{799F427F-130B-4C57-9E8C-E57E6C6ECB86}.Release|x86.ActiveCfg = Release|Win32
		{799F427F-130B-4C57-9E8C-E57E6C6ECB86}.Release|x86.Build.0 = Release|Win32
		{EF5EEC17-D349-431A-B212-C5834AE236B2}.Debug|x64.ActiveCfg = Debug|x64
		{EF5EEC17-D349-431A-B212-C5834AE236B2}.Debug|x64.Build.0 = Debug|x64
		{EF5EEC17-D349-431A-B212-C5834AE236B2}.Debug|x86.ActiveCfg = Debug|Win32
		{EF5EEC17-D349-431A-B212-C5834AE236B2}.Debug|x86.Build.0 = Debug|Win32
		{EF5EEC17-D349-431A-B212-C5834AE236B2}.Release|x64.ActiveCfg = Release|x64
		{EF5EEC17-D349-431A-B212-C5834AE236B2}.Release|x64.Build.0 = Release|x64
		{EF5EEC17-D349-431A-B212-C5834AE236B2}.Release|x86.ActiveCfg = Release|Win32
		{EF5EEC17-D349-431A-B212-C5834AE236B2}.Release|x86.Build.0 = Release|Win32
		{C5D428F7-6D41-46C4-BC5E-64C8DB611AAE}.Debug|x64.ActiveCfg = Debug|x64
		{C5D428F7-6D41-46C4-BC5E-64C8DB611AAE}.Debug|x64.Build.0 = Debug|x64
		{C5D428F7-6D41-46C4-BC5E-64C8DB611AAE}.Debug|x86.ActiveCfg = Debug|Win32
		{C5D428F7-6D41-46C4-BC5E-64C8DB611AAE}.Debug|x86.Build.0 = Debug|Win32
		{C5D428F7-6D41-46C4-BC5E-64C8DB611AAE}.Release|x64.ActiveCfg = Release|x64
		{C5D428F7-6D41-46C4-BC5E-64C8DB611AAE}.Release|x64.Build.0 = Release|x64
		{C5D428F7-6D41-46C4-BC5E-64C8DB611AAE}.Release|x86.ActiveCfg = Release|Win32
		{C5D428F7-6D41-46C4-BC5E-64C8DB611AAE}.Release|x86.Build.0 = Release|Win32
		{7DDA8E20-96CD-42D8-AE3A-9B50EDC9AE25}.Debug|x64.ActiveCfg = Debug|x64
		{7DDA8E20-96CD-42D8-AE3A-9B50EDC9AE25}.Debug|x64.Build.0 = Debug|x64
		{7DDA8E20-96CD-42D8-AE3A-9B50EDC9AE25}.Debug|x86.ActiveCfg = Debug|Win32
		{7DDA8E20-96CD-42D8-AE3A-9B50EDC9AE25}.Debug|x86.Build.0 = Debug|Win32
		{7DDA8E20-96CD-42D8-AE3A-9B50EDC9AE25}.Release|x64.ActiveCfg = Release|x64
		{7DDA8E20-96CD-42D8-AE3A-9B50EDC9AE25}.Release|x64.Build.0 = Release|x64
		{7DDA8E20-96CD-42D8-AE3A-9B50EDC9AE25}.Release|x86.ActiveCfg = Release|Win32
		{7DDA8E20-96CD-42D8-AE3A-9B50EDC9AE25}.Release|x86.Build.0 = Release|Win32
		{8DC625B5-0296-4362-B321-97CAADF6D847}.Debug|x64.ActiveCfg = Debug|x64
		{8DC625B5-0296-4362-B321-97CAADF6D847}.Debug|x64.Build.0 = Debug|x64
		{8DC625B5-0296-4362-B321-97CAADF6D847}.Debug|x86.ActiveCfg = Debug|Win32
		{8DC625B5-0296-4362-B321-97CAADF6D847}.Debug|x86.Build.0 = Debug|Win32
		{8DC625B5-0296-4362-B321-97CAADF6D847}.Release|x64.ActiveCfg = Release|x64
		{8DC625B5-0296-4362-B321-97CAADF6D847}.Release|x64.Build.0 = Release|x64
		{8DC625B5-0296-4362-B321-97CAADF6D847}.Release|x86.ActiveCfg = Release|Win32
		{8DC625B5-0296-4362-B321-97CAADF6D847}.Release|x86.Build.0 = Release|Win32
		{09FBA25D-1827-42B1-8EE1-9BD4116D9A47}.Debug|x64.ActiveCfg = Debug|x64
		{09FBA25D-1827-42B1-8EE1-9BD4116D9A47}.Debug|x64.Build.0 = Debug|x64
		{09FBA25D-1827-42B1-8EE1-9BD4116D9A47}.Debug|x86.ActiveCfg = Debug|Win32
		{09FBA25D-1827-42B1-8EE1-9BD4116D9A47}.Debug|x86.Build.0 = Debug|Win32
		{09FBA25D-1827-42B1-8EE1-9BD4116D9A47}.Release|x64.ActiveCfg = Release|x64
		{09FBA25D-1827-42B1-8EE1-9BD4116D9A47}.Release|x64.Build.0 = Release|x64
		{09FBA25D-1827-42B1-8EE1-9BD4116D9A47}.Release|x86.ActiveCfg = Release|Win32
		{09FBA25D-1827-42B1-8EE1-9BD4116D9A47}.Release|x86.Build.0 = Release|Win32
		{4C3EDF51-07D6-4A2F-B85A-0BB40E4242A6}.Debug|x64.ActiveCfg = Debug|x64
		{4C3EDF51-07D6-4A2F-B85A-0BB40E4242A6}.Debug|x64.Build.0 = Debug|x64
		{4C3EDF51-07D6-4A2F-B85A-0BB40E4242A6}.Debug|x86.ActiveCfg = Debug|Win32
		{4C3EDF51-07D6-4A2F-B85A-0BB40E4242A6}.Debug|x86.Build.0 = Debug|Win32
		{4C3EDF51-07D6-4A2F-B85A-0BB40E4242A6}.Release|x64.ActiveCfg = Release|x64
		{4C3EDF51-07D6-4A2F-B85A-0BB40E4242A6}.Release|x64.Build.0 = Release|x64
		{4C3EDF51-07D6-4A2F-B85A-0BB40E4242A6}.Release|x86.ActiveCfg = Release|Win32
		{4C3EDF51-07D6-4A2F-B85A-0BB40E4242A6}.Release|x86.Build.0 = Release|Win32
		{A0DDC0BC-D2FE-4986-913D-25B1A1EC7B6E}.Debug|x64.ActiveCfg = Debug|x64
		{A0DDC0BC-D2FE-4986-913D-25B1A1EC7B6E}.Debug|x64.Build.0 = Debug|x64
		{A0DDC0BC-D2FE-4986-913D-25B1A1EC7B6E}.Debug|x86.ActiveCfg = Debug|Win32
		{A0DDC0BC-D2FE-4986-913D-25B1A1EC7B6E}.Debug|x86.Build.0 = Debug|Win32
		{A0DDC0BC-D2FE-4986-913D-25B1A1EC7B6E}.Release|x64.ActiveCfg = Release|x64
		{A0DDC0BC-D2FE-4986-913D-25B1A1EC7B6E}.Release|x64.Build.0 = Release|x64
		{A0DDC0BC-D2FE-4986-913D-25B1A1EC7B6E}.Release|x86.ActiveCfg = Release|Win32
		{A0DDC0BC-D2FE-4986-913D-25B1A1EC7B6E}.Release|x86.Build.0 = Release|Win32
		{7E490B87-4D7E-465E-A3A4-839E012ED85E}.Debug|x64.ActiveCfg = Debug|x64
		{7E490B87-4D7E-465E-A3A4-839E012ED85E}.Debug|x64.Build.0 = Debug|x64
		{7E490B87-4D7E-465E-A3A4-839E012ED85E}.Debug|x86.ActiveCfg = Debug|Win32
		{7E490B87-4D7E-465E-A3A4-839E012ED85E}.Debug|x86.Build.0 = Debug|Win32
		{7E490B87-4D7E-465E-A3A4-839E012ED85E}.Release|x64.ActiveCfg = Release|x64
		{7E490B87-4D7E-465E-A3A4-839E012ED85E}.Release|x64.Build.0 = Release|x64
		{7E490B87-4D7E-465E-A3A4-839E012ED85E}.Release|x86.ActiveCfg = Release|Win32
		{7E490B87-4D7E-465E-A3A4-839E012ED85E}.Release|x86.Build.0 = Release|Win32
	EndGlobalSection
	GlobalSection(SolutionProperties) = preSolution
		HideSolutionNode = FALSE
	EndGlobalSection
	GlobalSection(ExtensibilityGlobals) = postSolution
		SolutionGuid = {F63C2E48-8C8E-47E6-8191-5352FE12C47B}
	EndGlobalSection
EndGlobal
